
Microsoft Visual Studio Solution File, Format Version 11.00
# Visual Studio 2010
Project("{FAE04EC0-301F-11D3-BF4B-00C04F79EFBC}") = "ultimateTicTacToe", "ultimateTicTacToe.csproj", "{7E6EB972-5EBE-15D6-708D-D0B87E0F9072}"
EndProject
Project("{FAE04EC0-301F-11D3-BF4B-00C04F79EFBC}") = "ultimateTicTacToe-Editor", "ultimateTicTacToe-Editor.csproj", "{4CA50AEA-BAEA-7B20-319B-6EF8BE53A580}"
EndProject
Global
	GlobalSection(SolutionConfigurationPlatforms) = preSolution
		Debug|Any CPU = Debug|Any CPU
		Release|Any CPU = Release|Any CPU
	EndGlobalSection
	GlobalSection(ProjectConfigurationPlatforms) = postSolution
		{7E6EB972-5EBE-15D6-708D-D0B87E0F9072}.Debug|Any CPU.ActiveCfg = Debug|Any CPU
		{7E6EB972-5EBE-15D6-708D-D0B87E0F9072}.Debug|Any CPU.Build.0 = Debug|Any CPU
		{7E6EB972-5EBE-15D6-708D-D0B87E0F9072}.Release|Any CPU.ActiveCfg = Release|Any CPU
		{7E6EB972-5EBE-15D6-708D-D0B87E0F9072}.Release|Any CPU.Build.0 = Release|Any CPU
		{4CA50AEA-BAEA-7B20-319B-6EF8BE53A580}.Debug|Any CPU.ActiveCfg = Debug|Any CPU
		{4CA50AEA-BAEA-7B20-319B-6EF8BE53A580}.Debug|Any CPU.Build.0 = Debug|Any CPU
		{4CA50AEA-BAEA-7B20-319B-6EF8BE53A580}.Release|Any CPU.ActiveCfg = Release|Any CPU
		{4CA50AEA-BAEA-7B20-319B-6EF8BE53A580}.Release|Any CPU.Build.0 = Release|Any CPU
	EndGlobalSection
	GlobalSection(SolutionProperties) = preSolution
		HideSolutionNode = FALSE
	EndGlobalSection
	GlobalSection(MonoDevelopProperties) = preSolution
		StartupItem = ultimateTicTacToe.csproj
	EndGlobalSection
EndGlobal
